// !$*UTF8*$!
{
	archiveVersion = 1;
	classes = {
	};
	objectVersion = 52;
	objects = {

/* Begin PBXBuildFile section */
		7F977E5124F8A19E00F98F1D /* AppDelegate.swift in Sources */ = {isa = PBXBuildFile; fileRef = 7F977E5024F8A19E00F98F1D /* AppDelegate.swift */; };
		7F977E5324F8A19E00F98F1D /* SceneDelegate.swift in Sources */ = {isa = PBXBuildFile; fileRef = 7F977E5224F8A19E00F98F1D /* SceneDelegate.swift */; };
		7F977E5624F8A19E00F98F1D /* NetflixClone_SwiftUI.xcdatamodeld in Sources */ = {isa = PBXBuildFile; fileRef = 7F977E5424F8A19E00F98F1D /* NetflixClone_SwiftUI.xcdatamodeld */; };
		7F977E5824F8A19E00F98F1D /* ContentView.swift in Sources */ = {isa = PBXBuildFile; fileRef = 7F977E5724F8A19E00F98F1D /* ContentView.swift */; };
		7F977E5A24F8A19F00F98F1D /* Assets.xcassets in Resources */ = {isa = PBXBuildFile; fileRef = 7F977E5924F8A19F00F98F1D /* Assets.xcassets */; };
		7F977E5D24F8A19F00F98F1D /* Preview Assets.xcassets in Resources */ = {isa = PBXBuildFile; fileRef = 7F977E5C24F8A19F00F98F1D /* Preview Assets.xcassets */; };
		7F977E6024F8A19F00F98F1D /* LaunchScreen.storyboard in Resources */ = {isa = PBXBuildFile; fileRef = 7F977E5E24F8A19F00F98F1D /* LaunchScreen.storyboard */; };
		7F977E6B24F8A19F00F98F1D /* NetflixClone_SwiftUITests.swift in Sources */ = {isa = PBXBuildFile; fileRef = 7F977E6A24F8A19F00F98F1D /* NetflixClone_SwiftUITests.swift */; };
		7F977E7624F8A19F00F98F1D /* NetflixClone_SwiftUIUITests.swift in Sources */ = {isa = PBXBuildFile; fileRef = 7F977E7524F8A19F00F98F1D /* NetflixClone_SwiftUIUITests.swift */; };
		7F977E8524F8A61D00F98F1D /* KingfisherSwiftUI in Frameworks */ = {isa = PBXBuildFile; productRef = 7F977E8424F8A61D00F98F1D /* KingfisherSwiftUI */; };
		7F977E8724F8A66100F98F1D /* HomeView.swift in Sources */ = {isa = PBXBuildFile; fileRef = 7F977E8624F8A66100F98F1D /* HomeView.swift */; };
		7F977E8A24F8A6CF00F98F1D /* Movie.swift in Sources */ = {isa = PBXBuildFile; fileRef = 7F977E8924F8A6CF00F98F1D /* Movie.swift */; };
		7F977E8D24F8A72700F98F1D /* StandardHomeMovie.swift in Sources */ = {isa = PBXBuildFile; fileRef = 7F977E8C24F8A72700F98F1D /* StandardHomeMovie.swift */; };
		7F977E9024F8A78E00F98F1D /* Helper.swift in Sources */ = {isa = PBXBuildFile; fileRef = 7F977E8F24F8A78E00F98F1D /* Helper.swift */; };
		7F977E9324F8AB2C00F98F1D /* HomeViewModel.swift in Sources */ = {isa = PBXBuildFile; fileRef = 7F977E9224F8AB2C00F98F1D /* HomeViewModel.swift */; };
		7F977E9524F8BB4E00F98F1D /* TopMoviePreview.swift in Sources */ = {isa = PBXBuildFile; fileRef = 7F977E9424F8BB4E00F98F1D /* TopMoviePreview.swift */; };
/* End PBXBuildFile section */

/* Begin PBXContainerItemProxy section */
		7F977E6724F8A19F00F98F1D /* PBXContainerItemProxy */ = {
			isa = PBXContainerItemProxy;
			containerPortal = 7F977E4524F8A19E00F98F1D /* Project object */;
			proxyType = 1;
			remoteGlobalIDString = 7F977E4C24F8A19E00F98F1D;
			remoteInfo = "NetflixClone-SwiftUI";
		};
		7F977E7224F8A19F00F98F1D /* PBXContainerItemProxy */ = {
			isa = PBXContainerItemProxy;
			containerPortal = 7F977E4524F8A19E00F98F1D /* Project object */;
			proxyType = 1;
			remoteGlobalIDString = 7F977E4C24F8A19E00F98F1D;
			remoteInfo = "NetflixClone-SwiftUI";
		};
/* End PBXContainerItemProxy section */

/* Begin PBXFileReference section */
		7F977E4D24F8A19E00F98F1D /* NetflixClone-SwiftUI.app */ = {isa = PBXFileReference; explicitFileType = wrapper.application; includeInIndex = 0; path = "NetflixClone-SwiftUI.app"; sourceTree = BUILT_PRODUCTS_DIR; };
		7F977E5024F8A19E00F98F1D /* AppDelegate.swift */ = {isa = PBXFileReference; lastKnownFileType = sourcecode.swift; path = AppDelegate.swift; sourceTree = "<group>"; };
		7F977E5224F8A19E00F98F1D /* SceneDelegate.swift */ = {isa = PBXFileReference; lastKnownFileType = sourcecode.swift; path = SceneDelegate.swift; sourceTree = "<group>"; };
		7F977E5524F8A19E00F98F1D /* NetflixClone_SwiftUI.xcdatamodel */ = {isa = PBXFileReference; lastKnownFileType = wrapper.xcdatamodel; path = NetflixClone_SwiftUI.xcdatamodel; sourceTree = "<group>"; };
		7F977E5724F8A19E00F98F1D /* ContentView.swift */ = {isa = PBXFileReference; lastKnownFileType = sourcecode.swift; path = ContentView.swift; sourceTree = "<group>"; };
		7F977E5924F8A19F00F98F1D /* Assets.xcassets */ = {isa = PBXFileReference; lastKnownFileType = folder.assetcatalog; path = Assets.xcassets; sourceTree = "<group>"; };
		7F977E5C24F8A19F00F98F1D /* Preview Assets.xcassets */ = {isa = PBXFileReference; lastKnownFileType = folder.assetcatalog; path = "Preview Assets.xcassets"; sourceTree = "<group>"; };
		7F977E5F24F8A19F00F98F1D /* Base */ = {isa = PBXFileReference; lastKnownFileType = file.storyboard; name = Base; path = Base.lproj/LaunchScreen.storyboard; sourceTree = "<group>"; };
		7F977E6124F8A19F00F98F1D /* Info.plist */ = {isa = PBXFileReference; lastKnownFileType = text.plist.xml; path = Info.plist; sourceTree = "<group>"; };
		7F977E6624F8A19F00F98F1D /* NetflixClone-SwiftUITests.xctest */ = {isa = PBXFileReference; explicitFileType = wrapper.cfbundle; includeInIndex = 0; path = "NetflixClone-SwiftUITests.xctest"; sourceTree = BUILT_PRODUCTS_DIR; };
		7F977E6A24F8A19F00F98F1D /* NetflixClone_SwiftUITests.swift */ = {isa = PBXFileReference; lastKnownFileType = sourcecode.swift; path = NetflixClone_SwiftUITests.swift; sourceTree = "<group>"; };
		7F977E6C24F8A19F00F98F1D /* Info.plist */ = {isa = PBXFileReference; lastKnownFileType = text.plist.xml; path = Info.plist; sourceTree = "<group>"; };
		7F977E7124F8A19F00F98F1D /* NetflixClone-SwiftUIUITests.xctest */ = {isa = PBXFileReference; explicitFileType = wrapper.cfbundle; includeInIndex = 0; path = "NetflixClone-SwiftUIUITests.xctest"; sourceTree = BUILT_PRODUCTS_DIR; };
		7F977E7524F8A19F00F98F1D /* NetflixClone_SwiftUIUITests.swift */ = {isa = PBXFileReference; lastKnownFileType = sourcecode.swift; path = NetflixClone_SwiftUIUITests.swift; sourceTree = "<group>"; };
		7F977E7724F8A19F00F98F1D /* Info.plist */ = {isa = PBXFileReference; lastKnownFileType = text.plist.xml; path = Info.plist; sourceTree = "<group>"; };
		7F977E8624F8A66100F98F1D /* HomeView.swift */ = {isa = PBXFileReference; lastKnownFileType = sourcecode.swift; path = HomeView.swift; sourceTree = "<group>"; };
		7F977E8924F8A6CF00F98F1D /* Movie.swift */ = {isa = PBXFileReference; lastKnownFileType = sourcecode.swift; path = Movie.swift; sourceTree = "<group>"; };
		7F977E8C24F8A72700F98F1D /* StandardHomeMovie.swift */ = {isa = PBXFileReference; lastKnownFileType = sourcecode.swift; path = StandardHomeMovie.swift; sourceTree = "<group>"; };
		7F977E8F24F8A78E00F98F1D /* Helper.swift */ = {isa = PBXFileReference; lastKnownFileType = sourcecode.swift; path = Helper.swift; sourceTree = "<group>"; };
		7F977E9224F8AB2C00F98F1D /* HomeViewModel.swift */ = {isa = PBXFileReference; lastKnownFileType = sourcecode.swift; path = HomeViewModel.swift; sourceTree = "<group>"; };
		7F977E9424F8BB4E00F98F1D /* TopMoviePreview.swift */ = {isa = PBXFileReference; lastKnownFileType = sourcecode.swift; path = TopMoviePreview.swift; sourceTree = "<group>"; };
/* End PBXFileReference section */

/* Begin PBXFrameworksBuildPhase section */
		7F977E4A24F8A19E00F98F1D /* Frameworks */ = {
			isa = PBXFrameworksBuildPhase;
			buildActionMask = 2147483647;
			files = (
				7F977E8524F8A61D00F98F1D /* KingfisherSwiftUI in Frameworks */,
			);
			runOnlyForDeploymentPostprocessing = 0;
		};
		7F977E6324F8A19F00F98F1D /* Frameworks */ = {
			isa = PBXFrameworksBuildPhase;
			buildActionMask = 2147483647;
			files = (
			);
			runOnlyForDeploymentPostprocessing = 0;
		};
		7F977E6E24F8A19F00F98F1D /* Frameworks */ = {
			isa = PBXFrameworksBuildPhase;
			buildActionMask = 2147483647;
			files = (
			);
			runOnlyForDeploymentPostprocessing = 0;
		};
/* End PBXFrameworksBuildPhase section */

/* Begin PBXGroup section */
		7F977E4424F8A19E00F98F1D = {
			isa = PBXGroup;
			children = (
				7F977E4F24F8A19E00F98F1D /* NetflixClone-SwiftUI */,
				7F977E6924F8A19F00F98F1D /* NetflixClone-SwiftUITests */,
				7F977E7424F8A19F00F98F1D /* NetflixClone-SwiftUIUITests */,
				7F977E4E24F8A19E00F98F1D /* Products */,
			);
			sourceTree = "<group>";
		};
		7F977E4E24F8A19E00F98F1D /* Products */ = {
			isa = PBXGroup;
			children = (
				7F977E4D24F8A19E00F98F1D /* NetflixClone-SwiftUI.app */,
				7F977E6624F8A19F00F98F1D /* NetflixClone-SwiftUITests.xctest */,
				7F977E7124F8A19F00F98F1D /* NetflixClone-SwiftUIUITests.xctest */,
			);
			name = Products;
			sourceTree = "<group>";
		};
		7F977E4F24F8A19E00F98F1D /* NetflixClone-SwiftUI */ = {
			isa = PBXGroup;
			children = (
				7F977E5024F8A19E00F98F1D /* AppDelegate.swift */,
				7F977E5224F8A19E00F98F1D /* SceneDelegate.swift */,
				7F977E5724F8A19E00F98F1D /* ContentView.swift */,
				7F977E8824F8A6B800F98F1D /* Model */,
				7F977E8B24F8A70700F98F1D /* Views */,
				7F977E9124F8AB1500F98F1D /* ViewModels */,
				7F977E8E24F8A76D00F98F1D /* Others */,
				7F977E5924F8A19F00F98F1D /* Assets.xcassets */,
				7F977E5E24F8A19F00F98F1D /* LaunchScreen.storyboard */,
				7F977E6124F8A19F00F98F1D /* Info.plist */,
				7F977E5424F8A19E00F98F1D /* NetflixClone_SwiftUI.xcdatamodeld */,
				7F977E5B24F8A19F00F98F1D /* Preview Content */,
			);
			path = "NetflixClone-SwiftUI";
			sourceTree = "<group>";
		};
		7F977E5B24F8A19F00F98F1D /* Preview Content */ = {
			isa = PBXGroup;
			children = (
				7F977E5C24F8A19F00F98F1D /* Preview Assets.xcassets */,
			);
			path = "Preview Content";
			sourceTree = "<group>";
		};
		7F977E6924F8A19F00F98F1D /* NetflixClone-SwiftUITests */ = {
			isa = PBXGroup;
			children = (
				7F977E6A24F8A19F00F98F1D /* NetflixClone_SwiftUITests.swift */,
				7F977E6C24F8A19F00F98F1D /* Info.plist */,
			);
			path = "NetflixClone-SwiftUITests";
			sourceTree = "<group>";
		};
		7F977E7424F8A19F00F98F1D /* NetflixClone-SwiftUIUITests */ = {
			isa = PBXGroup;
			children = (
				7F977E7524F8A19F00F98F1D /* NetflixClone_SwiftUIUITests.swift */,
				7F977E7724F8A19F00F98F1D /* Info.plist */,
			);
			path = "NetflixClone-SwiftUIUITests";
			sourceTree = "<group>";
		};
		7F977E8824F8A6B800F98F1D /* Model */ = {
			isa = PBXGroup;
			children = (
				7F977E8924F8A6CF00F98F1D /* Movie.swift */,
			);
			path = Model;
			sourceTree = "<group>";
		};
		7F977E8B24F8A70700F98F1D /* Views */ = {
			isa = PBXGroup;
			children = (
				7F977E8624F8A66100F98F1D /* HomeView.swift */,
				7F977E8C24F8A72700F98F1D /* StandardHomeMovie.swift */,
				7F977E9424F8BB4E00F98F1D /* TopMoviePreview.swift */,
			);
			path = Views;
			sourceTree = "<group>";
		};
		7F977E8E24F8A76D00F98F1D /* Others */ = {
			isa = PBXGroup;
			children = (
				7F977E8F24F8A78E00F98F1D /* Helper.swift */,
			);
			path = Others;
			sourceTree = "<group>";
		};
		7F977E9124F8AB1500F98F1D /* ViewModels */ = {
			isa = PBXGroup;
			children = (
				7F977E9224F8AB2C00F98F1D /* HomeViewModel.swift */,
			);
			path = ViewModels;
			sourceTree = "<group>";
		};
/* End PBXGroup section */

/* Begin PBXNativeTarget section */
		7F977E4C24F8A19E00F98F1D /* NetflixClone-SwiftUI */ = {
			isa = PBXNativeTarget;
			buildConfigurationList = 7F977E7A24F8A19F00F98F1D /* Build configuration list for PBXNativeTarget "NetflixClone-SwiftUI" */;
			buildPhases = (
				7F977E4924F8A19E00F98F1D /* Sources */,
				7F977E4A24F8A19E00F98F1D /* Frameworks */,
				7F977E4B24F8A19E00F98F1D /* Resources */,
			);
			buildRules = (
			);
			dependencies = (
			);
			name = "NetflixClone-SwiftUI";
			packageProductDependencies = (
				7F977E8424F8A61D00F98F1D /* KingfisherSwiftUI */,
			);
			productName = "NetflixClone-SwiftUI";
			productReference = 7F977E4D24F8A19E00F98F1D /* NetflixClone-SwiftUI.app */;
			productType = "com.apple.product-type.application";
		};
		7F977E6524F8A19F00F98F1D /* NetflixClone-SwiftUITests */ = {
			isa = PBXNativeTarget;
			buildConfigurationList = 7F977E7D24F8A19F00F98F1D /* Build configuration list for PBXNativeTarget "NetflixClone-SwiftUITests" */;
			buildPhases = (
				7F977E6224F8A19F00F98F1D /* Sources */,
				7F977E6324F8A19F00F98F1D /* Frameworks */,
				7F977E6424F8A19F00F98F1D /* Resources */,
			);
			buildRules = (
			);
			dependencies = (
				7F977E6824F8A19F00F98F1D /* PBXTargetDependency */,
			);
			name = "NetflixClone-SwiftUITests";
			productName = "NetflixClone-SwiftUITests";
			productReference = 7F977E6624F8A19F00F98F1D /* NetflixClone-SwiftUITests.xctest */;
			productType = "com.apple.product-type.bundle.unit-test";
		};
		7F977E7024F8A19F00F98F1D /* NetflixClone-SwiftUIUITests */ = {
			isa = PBXNativeTarget;
			buildConfigurationList = 7F977E8024F8A19F00F98F1D /* Build configuration list for PBXNativeTarget "NetflixClone-SwiftUIUITests" */;
			buildPhases = (
				7F977E6D24F8A19F00F98F1D /* Sources */,
				7F977E6E24F8A19F00F98F1D /* Frameworks */,
				7F977E6F24F8A19F00F98F1D /* Resources */,
			);
			buildRules = (
			);
			dependencies = (
				7F977E7324F8A19F00F98F1D /* PBXTargetDependency */,
			);
			name = "NetflixClone-SwiftUIUITests";
			productName = "NetflixClone-SwiftUIUITests";
			productReference = 7F977E7124F8A19F00F98F1D /* NetflixClone-SwiftUIUITests.xctest */;
			productType = "com.apple.product-type.bundle.ui-testing";
		};
/* End PBXNativeTarget section */

/* Begin PBXProject section */
		7F977E4524F8A19E00F98F1D /* Project object */ = {
			isa = PBXProject;
			attributes = {
				LastSwiftUpdateCheck = 1160;
				LastUpgradeCheck = 1160;
				ORGANIZATIONNAME = "Saikiran Panuganti";
				TargetAttributes = {
					7F977E4C24F8A19E00F98F1D = {
						CreatedOnToolsVersion = 11.6;
					};
					7F977E6524F8A19F00F98F1D = {
						CreatedOnToolsVersion = 11.6;
						TestTargetID = 7F977E4C24F8A19E00F98F1D;
					};
					7F977E7024F8A19F00F98F1D = {
						CreatedOnToolsVersion = 11.6;
						TestTargetID = 7F977E4C24F8A19E00F98F1D;
					};
				};
			};
			buildConfigurationList = 7F977E4824F8A19E00F98F1D /* Build configuration list for PBXProject "NetflixClone-SwiftUI" */;
			compatibilityVersion = "Xcode 9.3";
			developmentRegion = en;
			hasScannedForEncodings = 0;
			knownRegions = (
				en,
				Base,
			);
			mainGroup = 7F977E4424F8A19E00F98F1D;
			packageReferences = (
				7F977E8324F8A61D00F98F1D /* XCRemoteSwiftPackageReference "Kingfisher" */,
			);
			productRefGroup = 7F977E4E24F8A19E00F98F1D /* Products */;
			projectDirPath = "";
			projectRoot = "";
			targets = (
				7F977E4C24F8A19E00F98F1D /* NetflixClone-SwiftUI */,
				7F977E6524F8A19F00F98F1D /* NetflixClone-SwiftUITests */,
				7F977E7024F8A19F00F98F1D /* NetflixClone-SwiftUIUITests */,
			);
		};
/* End PBXProject section */

/* Begin PBXResourcesBuildPhase section */
		7F977E4B24F8A19E00F98F1D /* Resources */ = {
			isa = PBXResourcesBuildPhase;
			buildActionMask = 2147483647;
			files = (
				7F977E6024F8A19F00F98F1D /* LaunchScreen.storyboard in Resources */,
				7F977E5D24F8A19F00F98F1D /* Preview Assets.xcassets in Resources */,
				7F977E5A24F8A19F00F98F1D /* Assets.xcassets in Resources */,
			);
			runOnlyForDeploymentPostprocessing = 0;
		};
		7F977E6424F8A19F00F98F1D /* Resources */ = {
			isa = PBXResourcesBuildPhase;
			buildActionMask = 2147483647;
			files = (
			);
			runOnlyForDeploymentPostprocessing = 0;
		};
		7F977E6F24F8A19F00F98F1D /* Resources */ = {
			isa = PBXResourcesBuildPhase;
			buildActionMask = 2147483647;
			files = (
			);
			runOnlyForDeploymentPostprocessing = 0;
		};
/* End PBXResourcesBuildPhase section */

/* Begin PBXSourcesBuildPhase section */
		7F977E4924F8A19E00F98F1D /* Sources */ = {
			isa = PBXSourcesBuildPhase;
			buildActionMask = 2147483647;
			files = (
				7F977E5124F8A19E00F98F1D /* AppDelegate.swift in Sources */,
				7F977E9324F8AB2C00F98F1D /* HomeViewModel.swift in Sources */,
				7F977E5324F8A19E00F98F1D /* SceneDelegate.swift in Sources */,
				7F977E8A24F8A6CF00F98F1D /* Movie.swift in Sources */,
				7F977E5824F8A19E00F98F1D /* ContentView.swift in Sources */,
				7F977E8724F8A66100F98F1D /* HomeView.swift in Sources */,
				7F977E8D24F8A72700F98F1D /* StandardHomeMovie.swift in Sources */,
				7F977E5624F8A19E00F98F1D /* NetflixClone_SwiftUI.xcdatamodeld in Sources */,
				7F977E9024F8A78E00F98F1D /* Helper.swift in Sources */,
				7F977E9524F8BB4E00F98F1D /* TopMoviePreview.swift in Sources */,
			);
			runOnlyForDeploymentPostprocessing = 0;
		};
		7F977E6224F8A19F00F98F1D /* Sources */ = {
			isa = PBXSourcesBuildPhase;
			buildActionMask = 2147483647;
			files = (
				7F977E6B24F8A19F00F98F1D /* NetflixClone_SwiftUITests.swift in Sources */,
			);
			runOnlyForDeploymentPostprocessing = 0;
		};
		7F977E6D24F8A19F00F98F1D /* Sources */ = {
			isa = PBXSourcesBuildPhase;
			buildActionMask = 2147483647;
			files = (
				7F977E7624F8A19F00F98F1D /* NetflixClone_SwiftUIUITests.swift in Sources */,
			);
			runOnlyForDeploymentPostprocessing = 0;
		};
/* End PBXSourcesBuildPhase section */

/* Begin PBXTargetDependency section */
		7F977E6824F8A19F00F98F1D /* PBXTargetDependency */ = {
			isa = PBXTargetDependency;
			target = 7F977E4C24F8A19E00F98F1D /* NetflixClone-SwiftUI */;
			targetProxy = 7F977E6724F8A19F00F98F1D /* PBXContainerItemProxy */;
		};
		7F977E7324F8A19F00F98F1D /* PBXTargetDependency */ = {
			isa = PBXTargetDependency;
			target = 7F977E4C24F8A19E00F98F1D /* NetflixClone-SwiftUI */;
			targetProxy = 7F977E7224F8A19F00F98F1D /* PBXContainerItemProxy */;
		};
/* End PBXTargetDependency section */

/* Begin PBXVariantGroup section */
		7F977E5E24F8A19F00F98F1D /* LaunchScreen.storyboard */ = {
			isa = PBXVariantGroup;
			children = (
				7F977E5F24F8A19F00F98F1D /* Base */,
			);
			name = LaunchScreen.storyboard;
			sourceTree = "<group>";
		};
/* End PBXVariantGroup section */

/* Begin XCBuildConfiguration section */
		7F977E7824F8A19F00F98F1D /* Debug */ = {
			isa = XCBuildConfiguration;
			buildSettings = {
				ALWAYS_SEARCH_USER_PATHS = NO;
				CLANG_ANALYZER_NONNULL = YES;
				CLANG_ANALYZER_NUMBER_OBJECT_CONVERSION = YES_AGGRESSIVE;
				CLANG_CXX_LANGUAGE_STANDARD = "gnu++14";
				CLANG_CXX_LIBRARY = "libc++";
				CLANG_ENABLE_MODULES = YES;
				CLANG_ENABLE_OBJC_ARC = YES;
				CLANG_ENABLE_OBJC_WEAK = YES;
				CLANG_WARN_BLOCK_CAPTURE_AUTORELEASING = YES;
				CLANG_WARN_BOOL_CONVERSION = YES;
				CLANG_WARN_COMMA = YES;
				CLANG_WARN_CONSTANT_CONVERSION = YES;
				CLANG_WARN_DEPRECATED_OBJC_IMPLEMENTATIONS = YES;
				CLANG_WARN_DIRECT_OBJC_ISA_USAGE = YES_ERROR;
				CLANG_WARN_DOCUMENTATION_COMMENTS = YES;
				CLANG_WARN_EMPTY_BODY = YES;
				CLANG_WARN_ENUM_CONVERSION = YES;
				CLANG_WARN_INFINITE_RECURSION = YES;
				CLANG_WARN_INT_CONVERSION = YES;
				CLANG_WARN_NON_LITERAL_NULL_CONVERSION = YES;
				CLANG_WARN_OBJC_IMPLICIT_RETAIN_SELF = YES;
				CLANG_WARN_OBJC_LITERAL_CONVERSION = YES;
				CLANG_WARN_OBJC_ROOT_CLASS = YES_ERROR;
				CLANG_WARN_RANGE_LOOP_ANALYSIS = YES;
				CLANG_WARN_STRICT_PROTOTYPES = YES;
				CLANG_WARN_SUSPICIOUS_MOVE = YES;
				CLANG_WARN_UNGUARDED_AVAILABILITY = YES_AGGRESSIVE;
				CLANG_WARN_UNREACHABLE_CODE = YES;
				CLANG_WARN__DUPLICATE_METHOD_MATCH = YES;
				COPY_PHASE_STRIP = NO;
				DEBUG_INFORMATION_FORMAT = dwarf;
				ENABLE_STRICT_OBJC_MSGSEND = YES;
				ENABLE_TESTABILITY = YES;
				GCC_C_LANGUAGE_STANDARD = gnu11;
				GCC_DYNAMIC_NO_PIC = NO;
				GCC_NO_COMMON_BLOCKS = YES;
				GCC_OPTIMIZATION_LEVEL = 0;
				GCC_PREPROCESSOR_DEFINITIONS = (
					"DEBUG=1",
					"$(inherited)",
				);
				GCC_WARN_64_TO_32_BIT_CONVERSION = YES;
				GCC_WARN_ABOUT_RETURN_TYPE = YES_ERROR;
				GCC_WARN_UNDECLARED_SELECTOR = YES;
				GCC_WARN_UNINITIALIZED_AUTOS = YES_AGGRESSIVE;
				GCC_WARN_UNUSED_FUNCTION = YES;
				GCC_WARN_UNUSED_VARIABLE = YES;
				IPHONEOS_DEPLOYMENT_TARGET = 13.6;
				MTL_ENABLE_DEBUG_INFO = INCLUDE_SOURCE;
				MTL_FAST_MATH = YES;
				ONLY_ACTIVE_ARCH = YES;
				SDKROOT = iphoneos;
				SWIFT_ACTIVE_COMPILATION_CONDITIONS = DEBUG;
				SWIFT_OPTIMIZATION_LEVEL = "-Onone";
			};
			name = Debug;
		};
		7F977E7924F8A19F00F98F1D /* Release */ = {
			isa = XCBuildConfiguration;
			buildSettings = {
				ALWAYS_SEARCH_USER_PATHS = NO;
				CLANG_ANALYZER_NONNULL = YES;
				CLANG_ANALYZER_NUMBER_OBJECT_CONVERSION = YES_AGGRESSIVE;
				CLANG_CXX_LANGUAGE_STANDARD = "gnu++14";
				CLANG_CXX_LIBRARY = "libc++";
				CLANG_ENABLE_MODULES = YES;
				CLANG_ENABLE_OBJC_ARC = YES;
				CLANG_ENABLE_OBJC_WEAK = YES;
				CLANG_WARN_BLOCK_CAPTURE_AUTORELEASING = YES;
				CLANG_WARN_BOOL_CONVERSION = YES;
				CLANG_WARN_COMMA = YES;
				CLANG_WARN_CONSTANT_CONVERSION = YES;
				CLANG_WARN_DEPRECATED_OBJC_IMPLEMENTATIONS = YES;
				CLANG_WARN_DIRECT_OBJC_ISA_USAGE = YES_ERROR;
				CLANG_WARN_DOCUMENTATION_COMMENTS = YES;
				CLANG_WARN_EMPTY_BODY = YES;
				CLANG_WARN_ENUM_CONVERSION = YES;
				CLANG_WARN_INFINITE_RECURSION = YES;
				CLANG_WARN_INT_CONVERSION = YES;
				CLANG_WARN_NON_LITERAL_NULL_CONVERSION = YES;
				CLANG_WARN_OBJC_IMPLICIT_RETAIN_SELF = YES;
				CLANG_WARN_OBJC_LITERAL_CONVERSION = YES;
				CLANG_WARN_OBJC_ROOT_CLASS = YES_ERROR;
				CLANG_WARN_RANGE_LOOP_ANALYSIS = YES;
				CLANG_WARN_STRICT_PROTOTYPES = YES;
				CLANG_WARN_SUSPICIOUS_MOVE = YES;
				CLANG_WARN_UNGUARDED_AVAILABILITY = YES_AGGRESSIVE;
				CLANG_WARN_UNREACHABLE_CODE = YES;
				CLANG_WARN__DUPLICATE_METHOD_MATCH = YES;
				COPY_PHASE_STRIP = NO;
				DEBUG_INFORMATION_FORMAT = "dwarf-with-dsym";
				ENABLE_NS_ASSERTIONS = NO;
				ENABLE_STRICT_OBJC_MSGSEND = YES;
				GCC_C_LANGUAGE_STANDARD = gnu11;
				GCC_NO_COMMON_BLOCKS = YES;
				GCC_WARN_64_TO_32_BIT_CONVERSION = YES;
				GCC_WARN_ABOUT_RETURN_TYPE = YES_ERROR;
				GCC_WARN_UNDECLARED_SELECTOR = YES;
				GCC_WARN_UNINITIALIZED_AUTOS = YES_AGGRESSIVE;
				GCC_WARN_UNUSED_FUNCTION = YES;
				GCC_WARN_UNUSED_VARIABLE = YES;
				IPHONEOS_DEPLOYMENT_TARGET = 13.6;
				MTL_ENABLE_DEBUG_INFO = NO;
				MTL_FAST_MATH = YES;
				SDKROOT = iphoneos;
				SWIFT_COMPILATION_MODE = wholemodule;
				SWIFT_OPTIMIZATION_LEVEL = "-O";
				VALIDATE_PRODUCT = YES;
			};
			name = Release;
		};
		7F977E7B24F8A19F00F98F1D /* Debug */ = {
			isa = XCBuildConfiguration;
			buildSettings = {
				ASSETCATALOG_COMPILER_APPICON_NAME = AppIcon;
				CODE_SIGN_STYLE = Automatic;
				DEVELOPMENT_ASSET_PATHS = "\"NetflixClone-SwiftUI/Preview Content\"";
				ENABLE_PREVIEWS = YES;
				INFOPLIST_FILE = "NetflixClone-SwiftUI/Info.plist";
				LD_RUNPATH_SEARCH_PATHS = (
					"$(inherited)",
					"@executable_path/Frameworks",
				);
				PRODUCT_BUNDLE_IDENTIFIER = "com.saikiran.personal.NetflixClone-SwiftUI";
				PRODUCT_NAME = "$(TARGET_NAME)";
				SWIFT_VERSION = 5.0;
				TARGETED_DEVICE_FAMILY = "1,2";
			};
			name = Debug;
		};
		7F977E7C24F8A19F00F98F1D /* Release */ = {
			isa = XCBuildConfiguration;
			buildSettings = {
				ASSETCATALOG_COMPILER_APPICON_NAME = AppIcon;
				CODE_SIGN_STYLE = Automatic;
				DEVELOPMENT_ASSET_PATHS = "\"NetflixClone-SwiftUI/Preview Content\"";
				ENABLE_PREVIEWS = YES;
				INFOPLIST_FILE = "NetflixClone-SwiftUI/Info.plist";
				LD_RUNPATH_SEARCH_PATHS = (
					"$(inherited)",
					"@executable_path/Frameworks",
				);
				PRODUCT_BUNDLE_IDENTIFIER = "com.saikiran.personal.NetflixClone-SwiftUI";
				PRODUCT_NAME = "$(TARGET_NAME)";
				SWIFT_VERSION = 5.0;
				TARGETED_DEVICE_FAMILY = "1,2";
			};
			name = Release;
		};
		7F977E7E24F8A19F00F98F1D /* Debug */ = {
			isa = XCBuildConfiguration;
			buildSettings = {
				ALWAYS_EMBED_SWIFT_STANDARD_LIBRARIES = YES;
				BUNDLE_LOADER = "$(TEST_HOST)";
				CODE_SIGN_STYLE = Automatic;
				INFOPLIST_FILE = "NetflixClone-SwiftUITests/Info.plist";
				IPHONEOS_DEPLOYMENT_TARGET = 13.6;
				LD_RUNPATH_SEARCH_PATHS = (
					"$(inherited)",
					"@executable_path/Frameworks",
					"@loader_path/Frameworks",
				);
				PRODUCT_BUNDLE_IDENTIFIER = "com.saikiran.personal.NetflixClone-SwiftUITests";
				PRODUCT_NAME = "$(TARGET_NAME)";
				SWIFT_VERSION = 5.0;
				TARGETED_DEVICE_FAMILY = "1,2";
				TEST_HOST = "$(BUILT_PRODUCTS_DIR)/NetflixClone-SwiftUI.app/NetflixClone-SwiftUI";
			};
			name = Debug;
		};
		7F977E7F24F8A19F00F98F1D /* Release */ = {
			isa = XCBuildConfiguration;
			buildSettings = {
				ALWAYS_EMBED_SWIFT_STANDARD_LIBRARIES = YES;
				BUNDLE_LOADER = "$(TEST_HOST)";
				CODE_SIGN_STYLE = Automatic;
				INFOPLIST_FILE = "NetflixClone-SwiftUITests/Info.plist";
				IPHONEOS_DEPLOYMENT_TARGET = 13.6;
				LD_RUNPATH_SEARCH_PATHS = (
					"$(inherited)",
					"@executable_path/Frameworks",
					"@loader_path/Frameworks",
				);
				PRODUCT_BUNDLE_IDENTIFIER = "com.saikiran.personal.NetflixClone-SwiftUITests";
				PRODUCT_NAME = "$(TARGET_NAME)";
				SWIFT_VERSION = 5.0;
				TARGETED_DEVICE_FAMILY = "1,2";
				TEST_HOST = "$(BUILT_PRODUCTS_DIR)/NetflixClone-SwiftUI.app/NetflixClone-SwiftUI";
			};
			name = Release;
		};
		7F977E8124F8A19F00F98F1D /* Debug */ = {
			isa = XCBuildConfiguration;
			buildSettings = {
				ALWAYS_EMBED_SWIFT_STANDARD_LIBRARIES = YES;
				CODE_SIGN_STYLE = Automatic;
				INFOPLIST_FILE = "NetflixClone-SwiftUIUITests/Info.plist";
				LD_RUNPATH_SEARCH_PATHS = (
					"$(inherited)",
					"@executable_path/Frameworks",
					"@loader_path/Frameworks",
				);
				PRODUCT_BUNDLE_IDENTIFIER = "com.saikiran.personal.NetflixClone-SwiftUIUITests";
				PRODUCT_NAME = "$(TARGET_NAME)";
				SWIFT_VERSION = 5.0;
				TARGETED_DEVICE_FAMILY = "1,2";
				TEST_TARGET_NAME = "NetflixClone-SwiftUI";
			};
			name = Debug;
		};
		7F977E8224F8A19F00F98F1D /* Release */ = {
			isa = XCBuildConfiguration;
			buildSettings = {
				ALWAYS_EMBED_SWIFT_STANDARD_LIBRARIES = YES;
				CODE_SIGN_STYLE = Automatic;
				INFOPLIST_FILE = "NetflixClone-SwiftUIUITests/Info.plist";
				LD_RUNPATH_SEARCH_PATHS = (
					"$(inherited)",
					"@executable_path/Frameworks",
					"@loader_path/Frameworks",
				);
				PRODUCT_BUNDLE_IDENTIFIER = "com.saikiran.personal.NetflixClone-SwiftUIUITests";
				PRODUCT_NAME = "$(TARGET_NAME)";
				SWIFT_VERSION = 5.0;
				TARGETED_DEVICE_FAMILY = "1,2";
				TEST_TARGET_NAME = "NetflixClone-SwiftUI";
			};
			name = Release;
		};
/* End XCBuildConfiguration section */

/* Begin XCConfigurationList section */
		7F977E4824F8A19E00F98F1D /* Build configuration list for PBXProject "NetflixClone-SwiftUI" */ = {
			isa = XCConfigurationList;
			buildConfigurations = (
				7F977E7824F8A19F00F98F1D /* Debug */,
				7F977E7924F8A19F00F98F1D /* Release */,
			);
			defaultConfigurationIsVisible = 0;
			defaultConfigurationName = Release;
		};
		7F977E7A24F8A19F00F98F1D /* Build configuration list for PBXNativeTarget "NetflixClone-SwiftUI" */ = {
			isa = XCConfigurationList;
			buildConfigurations = (
				7F977E7B24F8A19F00F98F1D /* Debug */,
				7F977E7C24F8A19F00F98F1D /* Release */,
			);
			defaultConfigurationIsVisible = 0;
			defaultConfigurationName = Release;
		};
		7F977E7D24F8A19F00F98F1D /* Build configuration list for PBXNativeTarget "NetflixClone-SwiftUITests" */ = {
			isa = XCConfigurationList;
			buildConfigurations = (
				7F977E7E24F8A19F00F98F1D /* Debug */,
				7F977E7F24F8A19F00F98F1D /* Release */,
			);
			defaultConfigurationIsVisible = 0;
			defaultConfigurationName = Release;
		};
		7F977E8024F8A19F00F98F1D /* Build configuration list for PBXNativeTarget "NetflixClone-SwiftUIUITests" */ = {
			isa = XCConfigurationList;
			buildConfigurations = (
				7F977E8124F8A19F00F98F1D /* Debug */,
				7F977E8224F8A19F00F98F1D /* Release */,
			);
			defaultConfigurationIsVisible = 0;
			defaultConfigurationName = Release;
		};
/* End XCConfigurationList section */

/* Begin XCRemoteSwiftPackageReference section */
		7F977E8324F8A61D00F98F1D /* XCRemoteSwiftPackageReference "Kingfisher" */ = {
			isa = XCRemoteSwiftPackageReference;
			repositoryURL = "https://github.com/onevcat/Kingfisher";
			requirement = {
				kind = upToNextMajorVersion;
				minimumVersion = 5.15.0;
			};
		};
/* End XCRemoteSwiftPackageReference section */

/* Begin XCSwiftPackageProductDependency section */
		7F977E8424F8A61D00F98F1D /* KingfisherSwiftUI */ = {
			isa = XCSwiftPackageProductDependency;
			package = 7F977E8324F8A61D00F98F1D /* XCRemoteSwiftPackageReference "Kingfisher" */;
			productName = KingfisherSwiftUI;
		};
/* End XCSwiftPackageProductDependency section */

/* Begin XCVersionGroup section */
		7F977E5424F8A19E00F98F1D /* NetflixClone_SwiftUI.xcdatamodeld */ = {
			isa = XCVersionGroup;
			children = (
				7F977E5524F8A19E00F98F1D /* NetflixClone_SwiftUI.xcdatamodel */,
			);
			currentVersion = 7F977E5524F8A19E00F98F1D /* NetflixClone_SwiftUI.xcdatamodel */;
			path = NetflixClone_SwiftUI.xcdatamodeld;
			sourceTree = "<group>";
			versionGroupType = wrapper.xcdatamodel;
		};
/* End XCVersionGroup section */
	};
	rootObject = 7F977E4524F8A19E00F98F1D /* Project object */;
}
